
Microsoft Visual Studio Solution File, Format Version 12.00
# Visual Studio 2013
VisualStudioVersion = 12.0.40629.0
MinimumVisualStudioVersion = 10.0.40219.1
Project("{FAE04EC0-301F-11D3-BF4B-00C04F79EFBC}") = "RevertSystem", "RevertSystem\RevertSystem.csproj", "{7CB0710E-F298-4DD5-9B92-553FCD0309B3}"
EndProject
Project("{E24C65DC-7377-472B-9ABA-BC803B73C61A}") = "ReverseEngineeringWebsite", "http://localhost:51113", "{FD02A0FF-2797-48BC-9E79-BE807343B648}"
	ProjectSection(WebsiteProperties) = preProject
		UseIISExpress = "true"
		TargetFrameworkMoniker = ".NETFramework,Version%3Dv4.5"
		Debug.AspNetCompiler.VirtualPath = "/localhost_51113"
		Debug.AspNetCompiler.PhysicalPath = "..\ReverseEngineeringWebsite\"
		Debug.AspNetCompiler.TargetPath = "PrecompiledWeb\localhost_51113\"
		Debug.AspNetCompiler.Updateable = "true"
		Debug.AspNetCompiler.ForceOverwrite = "true"
		Debug.AspNetCompiler.FixedNames = "false"
		Debug.AspNetCompiler.Debug = "True"
		Release.AspNetCompiler.VirtualPath = "/localhost_51113"
		Release.AspNetCompiler.PhysicalPath = "..\ReverseEngineeringWebsite\"
		Release.AspNetCompiler.TargetPath = "PrecompiledWeb\localhost_51113\"
		Release.AspNetCompiler.Updateable = "true"
		Release.AspNetCompiler.ForceOverwrite = "true"
		Release.AspNetCompiler.FixedNames = "false"
		Release.AspNetCompiler.Debug = "False"
		SlnRelativePath = "..\ReverseEngineeringWebsite\"
		DefaultWebSiteLanguage = "Visual C#"
	EndProjectSection
EndProject
Global
	GlobalSection(SolutionConfigurationPlatforms) = preSolution
		Debug|Any CPU = Debug|Any CPU
		Release|Any CPU = Release|Any CPU
	EndGlobalSection
	GlobalSection(ProjectConfigurationPlatforms) = postSolution
		{7CB0710E-F298-4DD5-9B92-553FCD0309B3}.Debug|Any CPU.ActiveCfg = Debug|Any CPU
		{7CB0710E-F298-4DD5-9B92-553FCD0309B3}.Debug|Any CPU.Build.0 = Debug|Any CPU
		{7CB0710E-F298-4DD5-9B92-553FCD0309B3}.Release|Any CPU.ActiveCfg = Release|Any CPU
		{7CB0710E-F298-4DD5-9B92-553FCD0309B3}.Release|Any CPU.Build.0 = Release|Any CPU
		{FD02A0FF-2797-48BC-9E79-BE807343B648}.Debug|Any CPU.ActiveCfg = Debug|Any CPU
		{FD02A0FF-2797-48BC-9E79-BE807343B648}.Debug|Any CPU.Build.0 = Debug|Any CPU
		{FD02A0FF-2797-48BC-9E79-BE807343B648}.Release|Any CPU.ActiveCfg = Debug|Any CPU
		{FD02A0FF-2797-48BC-9E79-BE807343B648}.Release|Any CPU.Build.0 = Debug|Any CPU
	EndGlobalSection
	GlobalSection(SolutionProperties) = preSolution
		HideSolutionNode = FALSE
	EndGlobalSection
EndGlobal
